
Microsoft Visual Studio Solution File, Format Version 12.00
# Visual Studio Version 17
VisualStudioVersion = 17.0.31903.59
MinimumVisualStudioVersion = 10.0.40219.1
Project("{2150E333-8FDC-42A3-9474-1A3956D46DE8}") = "src", "src", "{827E0CD3-B72D-47B6-A68D-7590B98EB39B}"
EndProject
Project("{2150E333-8FDC-42A3-9474-1A3956D46DE8}") = "BuildingBlocks", "BuildingBlocks", "{90298CBA-BD6F-3A0A-69D5-97CAD7B05E7E}"
EndProject
Project("{FAE04EC0-301F-11D3-BF4B-00C04F79EFBC}") = "S4HERP.BuildingBlocks.Domain", "src\BuildingBlocks\S4HERP.BuildingBlocks.Domain\S4HERP.BuildingBlocks.Domain.csproj", "{CE770A70-0BA0-4E92-BAC4-C7657DE466FF}"
EndProject
Project("{FAE04EC0-301F-11D3-BF4B-00C04F79EFBC}") = "S4HERP.BuildingBlocks.Infrastructure", "src\BuildingBlocks\S4HERP.BuildingBlocks.Infrastructure\S4HERP.BuildingBlocks.Infrastructure.csproj", "{57C7CE13-ED45-41E5-B034-F4D741DBBD2D}"
EndProject
Project("{2150E333-8FDC-42A3-9474-1A3956D46DE8}") = "Modules", "Modules", "{EC447DCF-ABFA-6E24-52A5-D7FD48A5C558}"
EndProject
Project("{2150E333-8FDC-42A3-9474-1A3956D46DE8}") = "Organization", "Organization", "{DA0BA8AC-146F-3151-8AAB-4B1C3358FD7A}"
EndProject
Project("{FAE04EC0-301F-11D3-BF4B-00C04F79EFBC}") = "S4HERP.Organization.Domain", "src\Modules\Organization\S4HERP.Organization.Domain\S4HERP.Organization.Domain.csproj", "{EAED12B4-41A2-471B-969E-B538E4210FC5}"
EndProject
Project("{FAE04EC0-301F-11D3-BF4B-00C04F79EFBC}") = "S4HERP.Organization.Infrastructure", "src\Modules\Organization\S4HERP.Organization.Infrastructure\S4HERP.Organization.Infrastructure.csproj", "{4430C0EF-2525-4710-AB59-01DD86B556C0}"
EndProject
Project("{2150E333-8FDC-42A3-9474-1A3956D46DE8}") = "Finance", "Finance", "{6FEA55CD-9038-3367-F52F-2FD77CF71706}"
EndProject
Project("{FAE04EC0-301F-11D3-BF4B-00C04F79EFBC}") = "S4HERP.Finance.Domain", "src\Modules\Finance\S4HERP.Finance.Domain\S4HERP.Finance.Domain.csproj", "{9FC704A2-D1B1-455E-8193-3D34E72E6EE1}"
EndProject
Project("{FAE04EC0-301F-11D3-BF4B-00C04F79EFBC}") = "S4HERP.Finance.Infrastructure", "src\Modules\Finance\S4HERP.Finance.Infrastructure\S4HERP.Finance.Infrastructure.csproj", "{4FAA6311-2B29-449D-9512-93C7FA2586BD}"
EndProject
Project("{2150E333-8FDC-42A3-9474-1A3956D46DE8}") = "Controlling", "Controlling", "{B1FD0A4C-27CA-0F85-17EF-CDC2BA87A739}"
EndProject
Project("{FAE04EC0-301F-11D3-BF4B-00C04F79EFBC}") = "S4HERP.Controlling.Domain", "src\Modules\Controlling\S4HERP.Controlling.Domain\S4HERP.Controlling.Domain.csproj", "{8208A14F-C74E-4FD5-9FE1-8DF230645E74}"
EndProject
Project("{FAE04EC0-301F-11D3-BF4B-00C04F79EFBC}") = "S4HERP.Controlling.Infrastructure", "src\Modules\Controlling\S4HERP.Controlling.Infrastructure\S4HERP.Controlling.Infrastructure.csproj", "{529899B0-0A08-498D-B881-69029D78A882}"
EndProject
Project("{2150E333-8FDC-42A3-9474-1A3956D46DE8}") = "BusinessPartner", "BusinessPartner", "{68365454-C904-90E3-843C-F699C8C48407}"
EndProject
Project("{FAE04EC0-301F-11D3-BF4B-00C04F79EFBC}") = "S4HERP.BusinessPartner.Domain", "src\Modules\BusinessPartner\S4HERP.BusinessPartner.Domain\S4HERP.BusinessPartner.Domain.csproj", "{C5870E11-12F7-4876-BD0C-9DEAD4123723}"
EndProject
Project("{FAE04EC0-301F-11D3-BF4B-00C04F79EFBC}") = "S4HERP.BusinessPartner.Infrastructure", "src\Modules\BusinessPartner\S4HERP.BusinessPartner.Infrastructure\S4HERP.BusinessPartner.Infrastructure.csproj", "{6260CD83-C84F-44E1-8E1F-A52C946FD5F4}"
EndProject
Project("{2150E333-8FDC-42A3-9474-1A3956D46DE8}") = "Security", "Security", "{282EE0EF-0719-FA39-321C-A995029F2B89}"
EndProject
Project("{FAE04EC0-301F-11D3-BF4B-00C04F79EFBC}") = "S4HERP.Security.Domain", "src\Modules\Security\S4HERP.Security.Domain\S4HERP.Security.Domain.csproj", "{11DD0342-A39C-4B77-B0A3-150C1EB15CDB}"
EndProject
Project("{FAE04EC0-301F-11D3-BF4B-00C04F79EFBC}") = "S4HERP.Security.Infrastructure", "src\Modules\Security\S4HERP.Security.Infrastructure\S4HERP.Security.Infrastructure.csproj", "{00872422-EBAE-44ED-AA44-722EE25F8EDC}"
EndProject
Project("{2150E333-8FDC-42A3-9474-1A3956D46DE8}") = "Audit", "Audit", "{B7504168-2F66-9EF4-E8D7-36B98062A6F8}"
EndProject
Project("{FAE04EC0-301F-11D3-BF4B-00C04F79EFBC}") = "S4HERP.Audit.Domain", "src\Modules\Audit\S4HERP.Audit.Domain\S4HERP.Audit.Domain.csproj", "{9478C078-0B08-492F-93A1-28CFEFA81FFC}"
EndProject
Project("{FAE04EC0-301F-11D3-BF4B-00C04F79EFBC}") = "S4HERP.Audit.Infrastructure", "src\Modules\Audit\S4HERP.Audit.Infrastructure\S4HERP.Audit.Infrastructure.csproj", "{0D0237E4-85C5-4752-8BE6-ED374E28DCF1}"
EndProject
Project("{2150E333-8FDC-42A3-9474-1A3956D46DE8}") = "Host", "Host", "{981C2CF6-E5BB-602A-511C-234B538302B0}"
EndProject
Project("{FAE04EC0-301F-11D3-BF4B-00C04F79EFBC}") = "S4HERP.Host", "src\Host\S4HERP.Host\S4HERP.Host.csproj", "{82D9DCDA-67FA-4757-A755-865E3FD18B58}"
EndProject
Project("{FAE04EC0-301F-11D3-BF4B-00C04F79EFBC}") = "S4HERP.Security.Application", "src\Modules\Security\S4HERP.Security.Application\S4HERP.Security.Application.csproj", "{2882D512-7509-4F5F-B8B4-72B3F07AE98A}"
EndProject
Project("{FAE04EC0-301F-11D3-BF4B-00C04F79EFBC}") = "S4HERP.BuildingBlocks.Application", "src\BuildingBlocks\S4HERP.BuildingBlocks.Application\S4HERP.BuildingBlocks.Application.csproj", "{DB74EB22-9329-4725-8832-47B81BDF249F}"
EndProject
Project("{FAE04EC0-301F-11D3-BF4B-00C04F79EFBC}") = "S4HERP.Finance.Application", "src\Modules\Finance\S4HERP.Finance.Application\S4HERP.Finance.Application.csproj", "{8AC02674-E3D9-4122-80DA-745CFD5A54A7}"
EndProject
Project("{FAE04EC0-301F-11D3-BF4B-00C04F79EFBC}") = "S4HERP.Finance.Api", "src\Modules\Finance\S4HERP.Finance.Api\S4HERP.Finance.Api.csproj", "{80DE5511-16D3-4424-B80A-0DC9BC72EA18}"
EndProject
Project("{2150E333-8FDC-42A3-9474-1A3956D46DE8}") = "tests", "tests", "{0AB3BF05-4346-4AA6-1389-037BE0695223}"
EndProject
Project("{FAE04EC0-301F-11D3-BF4B-00C04F79EFBC}") = "S4HERP.ArchitectureTests", "tests\S4HERP.ArchitectureTests\S4HERP.ArchitectureTests.csproj", "{8D4146B0-C1B3-4C95-94C0-57F0181B153D}"
EndProject
Project("{2150E333-8FDC-42A3-9474-1A3956D46DE8}") = "Workflow", "Workflow", "{4AE10D05-DD3E-F48E-F17B-B26EA748633E}"
EndProject
Project("{FAE04EC0-301F-11D3-BF4B-00C04F79EFBC}") = "S4HERP.Workflow.Domain", "src\Modules\Workflow\S4HERP.Workflow.Domain\S4HERP.Workflow.Domain.csproj", "{3DF9FAF6-4FA1-466E-8833-E22A79820381}"
EndProject
Project("{FAE04EC0-301F-11D3-BF4B-00C04F79EFBC}") = "S4HERP.Workflow.Infrastructure", "src\Modules\Workflow\S4HERP.Workflow.Infrastructure\S4HERP.Workflow.Infrastructure.csproj", "{F26119EA-D832-4307-95DA-ED5B45C423A2}"
EndProject
Project("{FAE04EC0-301F-11D3-BF4B-00C04F79EFBC}") = "S4HERP.Workflow.Contracts", "src\Modules\Workflow\S4HERP.Workflow.Contracts\S4HERP.Workflow.Contracts.csproj", "{16907C20-EEF3-45FF-AB9C-FE2A0079BB86}"
EndProject
Project("{FAE04EC0-301F-11D3-BF4B-00C04F79EFBC}") = "S4HERP.Workflow.Application", "src\Modules\Workflow\S4HERP.Workflow.Application\S4HERP.Workflow.Application.csproj", "{1B3E41DB-0ECD-4126-8F2E-571B780686F6}"
EndProject
Project("{FAE04EC0-301F-11D3-BF4B-00C04F79EFBC}") = "S4HERP.BusinessPartner.Application", "src\Modules\BusinessPartner\S4HERP.BusinessPartner.Application\S4HERP.BusinessPartner.Application.csproj", "{5D70869B-50BE-4277-825E-509106F0C871}"
EndProject
Project("{FAE04EC0-301F-11D3-BF4B-00C04F79EFBC}") = "S4HERP.BusinessPartner.Api", "src\Modules\BusinessPartner\S4HERP.BusinessPartner.Api\S4HERP.BusinessPartner.Api.csproj", "{667DCE18-BF90-4B9B-A132-94F17448D8E7}"
EndProject
Project("{FAE04EC0-301F-11D3-BF4B-00C04F79EFBC}") = "S4HERP.Organization.Application", "src\Modules\Organization\S4HERP.Organization.Application\S4HERP.Organization.Application.csproj", "{EB1A142F-4CA9-4A71-BB16-B25B3C2584B6}"
EndProject
Global
	GlobalSection(SolutionConfigurationPlatforms) = preSolution
		Debug|Any CPU = Debug|Any CPU
		Debug|x64 = Debug|x64
		Debug|x86 = Debug|x86
		Release|Any CPU = Release|Any CPU
		Release|x64 = Release|x64
		Release|x86 = Release|x86
	EndGlobalSection
	GlobalSection(ProjectConfigurationPlatforms) = postSolution
		{CE770A70-0BA0-4E92-BAC4-C7657DE466FF}.Debug|Any CPU.ActiveCfg = Debug|Any CPU
		{CE770A70-0BA0-4E92-BAC4-C7657DE466FF}.Debug|Any CPU.Build.0 = Debug|Any CPU
		{CE770A70-0BA0-4E92-BAC4-C7657DE466FF}.Debug|x64.ActiveCfg = Debug|Any CPU
		{CE770A70-0BA0-4E92-BAC4-C7657DE466FF}.Debug|x64.Build.0 = Debug|Any CPU
		{CE770A70-0BA0-4E92-BAC4-C7657DE466FF}.Debug|x86.ActiveCfg = Debug|Any CPU
		{CE770A70-0BA0-4E92-BAC4-C7657DE466FF}.Debug|x86.Build.0 = Debug|Any CPU
		{CE770A70-0BA0-4E92-BAC4-C7657DE466FF}.Release|Any CPU.ActiveCfg = Release|Any CPU
		{CE770A70-0BA0-4E92-BAC4-C7657DE466FF}.Release|Any CPU.Build.0 = Release|Any CPU
		{CE770A70-0BA0-4E92-BAC4-C7657DE466FF}.Release|x64.ActiveCfg = Release|Any CPU
		{CE770A70-0BA0-4E92-BAC4-C7657DE466FF}.Release|x64.Build.0 = Release|Any CPU
		{CE770A70-0BA0-4E92-BAC4-C7657DE466FF}.Release|x86.ActiveCfg = Release|Any CPU
		{CE770A70-0BA0-4E92-BAC4-C7657DE466FF}.Release|x86.Build.0 = Release|Any CPU
		{57C7CE13-ED45-41E5-B034-F4D741DBBD2D}.Debug|Any CPU.ActiveCfg = Debug|Any CPU
		{57C7CE13-ED45-41E5-B034-F4D741DBBD2D}.Debug|Any CPU.Build.0 = Debug|Any CPU
		{57C7CE13-ED45-41E5-B034-F4D741DBBD2D}.Debug|x64.ActiveCfg = Debug|Any CPU
		{57C7CE13-ED45-41E5-B034-F4D741DBBD2D}.Debug|x64.Build.0 = Debug|Any CPU
		{57C7CE13-ED45-41E5-B034-F4D741DBBD2D}.Debug|x86.ActiveCfg = Debug|Any CPU
		{57C7CE13-ED45-41E5-B034-F4D741DBBD2D}.Debug|x86.Build.0 = Debug|Any CPU
		{57C7CE13-ED45-41E5-B034-F4D741DBBD2D}.Release|Any CPU.ActiveCfg = Release|Any CPU
		{57C7CE13-ED45-41E5-B034-F4D741DBBD2D}.Release|Any CPU.Build.0 = Release|Any CPU
		{57C7CE13-ED45-41E5-B034-F4D741DBBD2D}.Release|x64.ActiveCfg = Release|Any CPU
		{57C7CE13-ED45-41E5-B034-F4D741DBBD2D}.Release|x64.Build.0 = Release|Any CPU
		{57C7CE13-ED45-41E5-B034-F4D741DBBD2D}.Release|x86.ActiveCfg = Release|Any CPU
		{57C7CE13-ED45-41E5-B034-F4D741DBBD2D}.Release|x86.Build.0 = Release|Any CPU
		{EAED12B4-41A2-471B-969E-B538E4210FC5}.Debug|Any CPU.ActiveCfg = Debug|Any CPU
		{EAED12B4-41A2-471B-969E-B538E4210FC5}.Debug|Any CPU.Build.0 = Debug|Any CPU
		{EAED12B4-41A2-471B-969E-B538E4210FC5}.Debug|x64.ActiveCfg = Debug|Any CPU
		{EAED12B4-41A2-471B-969E-B538E4210FC5}.Debug|x64.Build.0 = Debug|Any CPU
		{EAED12B4-41A2-471B-969E-B538E4210FC5}.Debug|x86.ActiveCfg = Debug|Any CPU
		{EAED12B4-41A2-471B-969E-B538E4210FC5}.Debug|x86.Build.0 = Debug|Any CPU
		{EAED12B4-41A2-471B-969E-B538E4210FC5}.Release|Any CPU.ActiveCfg = Release|Any CPU
		{EAED12B4-41A2-471B-969E-B538E4210FC5}.Release|Any CPU.Build.0 = Release|Any CPU
		{EAED12B4-41A2-471B-969E-B538E4210FC5}.Release|x64.ActiveCfg = Release|Any CPU
		{EAED12B4-41A2-471B-969E-B538E4210FC5}.Release|x64.Build.0 = Release|Any CPU
		{EAED12B4-41A2-471B-969E-B538E4210FC5}.Release|x86.ActiveCfg = Release|Any CPU
		{EAED12B4-41A2-471B-969E-B538E4210FC5}.Release|x86.Build.0 = Release|Any CPU
		{4430C0EF-2525-4710-AB59-01DD86B556C0}.Debug|Any CPU.ActiveCfg = Debug|Any CPU
		{4430C0EF-2525-4710-AB59-01DD86B556C0}.Debug|Any CPU.Build.0 = Debug|Any CPU
		{4430C0EF-2525-4710-AB59-01DD86B556C0}.Debug|x64.ActiveCfg = Debug|Any CPU
		{4430C0EF-2525-4710-AB59-01DD86B556C0}.Debug|x64.Build.0 = Debug|Any CPU
		{4430C0EF-2525-4710-AB59-01DD86B556C0}.Debug|x86.ActiveCfg = Debug|Any CPU
		{4430C0EF-2525-4710-AB59-01DD86B556C0}.Debug|x86.Build.0 = Debug|Any CPU
		{4430C0EF-2525-4710-AB59-01DD86B556C0}.Release|Any CPU.ActiveCfg = Release|Any CPU
		{4430C0EF-2525-4710-AB59-01DD86B556C0}.Release|Any CPU.Build.0 = Release|Any CPU
		{4430C0EF-2525-4710-AB59-01DD86B556C0}.Release|x64.ActiveCfg = Release|Any CPU
		{4430C0EF-2525-4710-AB59-01DD86B556C0}.Release|x64.Build.0 = Release|Any CPU
		{4430C0EF-2525-4710-AB59-01DD86B556C0}.Release|x86.ActiveCfg = Release|Any CPU
		{4430C0EF-2525-4710-AB59-01DD86B556C0}.Release|x86.Build.0 = Release|Any CPU
		{9FC704A2-D1B1-455E-8193-3D34E72E6EE1}.Debug|Any CPU.ActiveCfg = Debug|Any CPU
		{9FC704A2-D1B1-455E-8193-3D34E72E6EE1}.Debug|Any CPU.Build.0 = Debug|Any CPU
		{9FC704A2-D1B1-455E-8193-3D34E72E6EE1}.Debug|x64.ActiveCfg = Debug|Any CPU
		{9FC704A2-D1B1-455E-8193-3D34E72E6EE1}.Debug|x64.Build.0 = Debug|Any CPU
		{9FC704A2-D1B1-455E-8193-3D34E72E6EE1}.Debug|x86.ActiveCfg = Debug|Any CPU
		{9FC704A2-D1B1-455E-8193-3D34E72E6EE1}.Debug|x86.Build.0 = Debug|Any CPU
		{9FC704A2-D1B1-455E-8193-3D34E72E6EE1}.Release|Any CPU.ActiveCfg = Release|Any CPU
		{9FC704A2-D1B1-455E-8193-3D34E72E6EE1}.Release|Any CPU.Build.0 = Release|Any CPU
		{9FC704A2-D1B1-455E-8193-3D34E72E6EE1}.Release|x64.ActiveCfg = Release|Any CPU
		{9FC704A2-D1B1-455E-8193-3D34E72E6EE1}.Release|x64.Build.0 = Release|Any CPU
		{9FC704A2-D1B1-455E-8193-3D34E72E6EE1}.Release|x86.ActiveCfg = Release|Any CPU
		{9FC704A2-D1B1-455E-8193-3D34E72E6EE1}.Release|x86.Build.0 = Release|Any CPU
		{4FAA6311-2B29-449D-9512-93C7FA2586BD}.Debug|Any CPU.ActiveCfg = Debug|Any CPU
		{4FAA6311-2B29-449D-9512-93C7FA2586BD}.Debug|Any CPU.Build.0 = Debug|Any CPU
		{4FAA6311-2B29-449D-9512-93C7FA2586BD}.Debug|x64.ActiveCfg = Debug|Any CPU
		{4FAA6311-2B29-449D-9512-93C7FA2586BD}.Debug|x64.Build.0 = Debug|Any CPU
		{4FAA6311-2B29-449D-9512-93C7FA2586BD}.Debug|x86.ActiveCfg = Debug|Any CPU
		{4FAA6311-2B29-449D-9512-93C7FA2586BD}.Debug|x86.Build.0 = Debug|Any CPU
		{4FAA6311-2B29-449D-9512-93C7FA2586BD}.Release|Any CPU.ActiveCfg = Release|Any CPU
		{4FAA6311-2B29-449D-9512-93C7FA2586BD}.Release|Any CPU.Build.0 = Release|Any CPU
		{4FAA6311-2B29-449D-9512-93C7FA2586BD}.Release|x64.ActiveCfg = Release|Any CPU
		{4FAA6311-2B29-449D-9512-93C7FA2586BD}.Release|x64.Build.0 = Release|Any CPU
		{4FAA6311-2B29-449D-9512-93C7FA2586BD}.Release|x86.ActiveCfg = Release|Any CPU
		{4FAA6311-2B29-449D-9512-93C7FA2586BD}.Release|x86.Build.0 = Release|Any CPU
		{8208A14F-C74E-4FD5-9FE1-8DF230645E74}.Debug|Any CPU.ActiveCfg = Debug|Any CPU
		{8208A14F-C74E-4FD5-9FE1-8DF230645E74}.Debug|Any CPU.Build.0 = Debug|Any CPU
		{8208A14F-C74E-4FD5-9FE1-8DF230645E74}.Debug|x64.ActiveCfg = Debug|Any CPU
		{8208A14F-C74E-4FD5-9FE1-8DF230645E74}.Debug|x64.Build.0 = Debug|Any CPU
		{8208A14F-C74E-4FD5-9FE1-8DF230645E74}.Debug|x86.ActiveCfg = Debug|Any CPU
		{8208A14F-C74E-4FD5-9FE1-8DF230645E74}.Debug|x86.Build.0 = Debug|Any CPU
		{8208A14F-C74E-4FD5-9FE1-8DF230645E74}.Release|Any CPU.ActiveCfg = Release|Any CPU
		{8208A14F-C74E-4FD5-9FE1-8DF230645E74}.Release|Any CPU.Build.0 = Release|Any CPU
		{8208A14F-C74E-4FD5-9FE1-8DF230645E74}.Release|x64.ActiveCfg = Release|Any CPU
		{8208A14F-C74E-4FD5-9FE1-8DF230645E74}.Release|x64.Build.0 = Release|Any CPU
		{8208A14F-C74E-4FD5-9FE1-8DF230645E74}.Release|x86.ActiveCfg = Release|Any CPU
		{8208A14F-C74E-4FD5-9FE1-8DF230645E74}.Release|x86.Build.0 = Release|Any CPU
		{529899B0-0A08-498D-B881-69029D78A882}.Debug|Any CPU.ActiveCfg = Debug|Any CPU
		{529899B0-0A08-498D-B881-69029D78A882}.Debug|Any CPU.Build.0 = Debug|Any CPU
		{529899B0-0A08-498D-B881-69029D78A882}.Debug|x64.ActiveCfg = Debug|Any CPU
		{529899B0-0A08-498D-B881-69029D78A882}.Debug|x64.Build.0 = Debug|Any CPU
		{529899B0-0A08-498D-B881-69029D78A882}.Debug|x86.ActiveCfg = Debug|Any CPU
		{529899B0-0A08-498D-B881-69029D78A882}.Debug|x86.Build.0 = Debug|Any CPU
		{529899B0-0A08-498D-B881-69029D78A882}.Release|Any CPU.ActiveCfg = Release|Any CPU
		{529899B0-0A08-498D-B881-69029D78A882}.Release|Any CPU.Build.0 = Release|Any CPU
		{529899B0-0A08-498D-B881-69029D78A882}.Release|x64.ActiveCfg = Release|Any CPU
		{529899B0-0A08-498D-B881-69029D78A882}.Release|x64.Build.0 = Release|Any CPU
		{529899B0-0A08-498D-B881-69029D78A882}.Release|x86.ActiveCfg = Release|Any CPU
		{529899B0-0A08-498D-B881-69029D78A882}.Release|x86.Build.0 = Release|Any CPU
		{C5870E11-12F7-4876-BD0C-9DEAD4123723}.Debug|Any CPU.ActiveCfg = Debug|Any CPU
		{C5870E11-12F7-4876-BD0C-9DEAD4123723}.Debug|Any CPU.Build.0 = Debug|Any CPU
		{C5870E11-12F7-4876-BD0C-9DEAD4123723}.Debug|x64.ActiveCfg = Debug|Any CPU
		{C5870E11-12F7-4876-BD0C-9DEAD4123723}.Debug|x64.Build.0 = Debug|Any CPU
		{C5870E11-12F7-4876-BD0C-9DEAD4123723}.Debug|x86.ActiveCfg = Debug|Any CPU
		{C5870E11-12F7-4876-BD0C-9DEAD4123723}.Debug|x86.Build.0 = Debug|Any CPU
		{C5870E11-12F7-4876-BD0C-9DEAD4123723}.Release|Any CPU.ActiveCfg = Release|Any CPU
		{C5870E11-12F7-4876-BD0C-9DEAD4123723}.Release|Any CPU.Build.0 = Release|Any CPU
		{C5870E11-12F7-4876-BD0C-9DEAD4123723}.Release|x64.ActiveCfg = Release|Any CPU
		{C5870E11-12F7-4876-BD0C-9DEAD4123723}.Release|x64.Build.0 = Release|Any CPU
		{C5870E11-12F7-4876-BD0C-9DEAD4123723}.Release|x86.ActiveCfg = Release|Any CPU
		{C5870E11-12F7-4876-BD0C-9DEAD4123723}.Release|x86.Build.0 = Release|Any CPU
		{6260CD83-C84F-44E1-8E1F-A52C946FD5F4}.Debug|Any CPU.ActiveCfg = Debug|Any CPU
		{6260CD83-C84F-44E1-8E1F-A52C946FD5F4}.Debug|Any CPU.Build.0 = Debug|Any CPU
		{6260CD83-C84F-44E1-8E1F-A52C946FD5F4}.Debug|x64.ActiveCfg = Debug|Any CPU
		{6260CD83-C84F-44E1-8E1F-A52C946FD5F4}.Debug|x64.Build.0 = Debug|Any CPU
		{6260CD83-C84F-44E1-8E1F-A52C946FD5F4}.Debug|x86.ActiveCfg = Debug|Any CPU
		{6260CD83-C84F-44E1-8E1F-A52C946FD5F4}.Debug|x86.Build.0 = Debug|Any CPU
		{6260CD83-C84F-44E1-8E1F-A52C946FD5F4}.Release|Any CPU.ActiveCfg = Release|Any CPU
		{6260CD83-C84F-44E1-8E1F-A52C946FD5F4}.Release|Any CPU.Build.0 = Release|Any CPU
		{6260CD83-C84F-44E1-8E1F-A52C946FD5F4}.Release|x64.ActiveCfg = Release|Any CPU
		{6260CD83-C84F-44E1-8E1F-A52C946FD5F4}.Release|x64.Build.0 = Release|Any CPU
		{6260CD83-C84F-44E1-8E1F-A52C946FD5F4}.Release|x86.ActiveCfg = Release|Any CPU
		{6260CD83-C84F-44E1-8E1F-A52C946FD5F4}.Release|x86.Build.0 = Release|Any CPU
		{11DD0342-A39C-4B77-B0A3-150C1EB15CDB}.Debug|Any CPU.ActiveCfg = Debug|Any CPU
		{11DD0342-A39C-4B77-B0A3-150C1EB15CDB}.Debug|Any CPU.Build.0 = Debug|Any CPU
		{11DD0342-A39C-4B77-B0A3-150C1EB15CDB}.Debug|x64.ActiveCfg = Debug|Any CPU
		{11DD0342-A39C-4B77-B0A3-150C1EB15CDB}.Debug|x64.Build.0 = Debug|Any CPU
		{11DD0342-A39C-4B77-B0A3-150C1EB15CDB}.Debug|x86.ActiveCfg = Debug|Any CPU
		{11DD0342-A39C-4B77-B0A3-150C1EB15CDB}.Debug|x86.Build.0 = Debug|Any CPU
		{11DD0342-A39C-4B77-B0A3-150C1EB15CDB}.Release|Any CPU.ActiveCfg = Release|Any CPU
		{11DD0342-A39C-4B77-B0A3-150C1EB15CDB}.Release|Any CPU.Build.0 = Release|Any CPU
		{11DD0342-A39C-4B77-B0A3-150C1EB15CDB}.Release|x64.ActiveCfg = Release|Any CPU
		{11DD0342-A39C-4B77-B0A3-150C1EB15CDB}.Release|x64.Build.0 = Release|Any CPU
		{11DD0342-A39C-4B77-B0A3-150C1EB15CDB}.Release|x86.ActiveCfg = Release|Any CPU
		{11DD0342-A39C-4B77-B0A3-150C1EB15CDB}.Release|x86.Build.0 = Release|Any CPU
		{00872422-EBAE-44ED-AA44-722EE25F8EDC}.Debug|Any CPU.ActiveCfg = Debug|Any CPU
		{00872422-EBAE-44ED-AA44-722EE25F8EDC}.Debug|Any CPU.Build.0 = Debug|Any CPU
		{00872422-EBAE-44ED-AA44-722EE25F8EDC}.Debug|x64.ActiveCfg = Debug|Any CPU
		{00872422-EBAE-44ED-AA44-722EE25F8EDC}.Debug|x64.Build.0 = Debug|Any CPU
		{00872422-EBAE-44ED-AA44-722EE25F8EDC}.Debug|x86.ActiveCfg = Debug|Any CPU
		{00872422-EBAE-44ED-AA44-722EE25F8EDC}.Debug|x86.Build.0 = Debug|Any CPU
		{00872422-EBAE-44ED-AA44-722EE25F8EDC}.Release|Any CPU.ActiveCfg = Release|Any CPU
		{00872422-EBAE-44ED-AA44-722EE25F8EDC}.Release|Any CPU.Build.0 = Release|Any CPU
		{00872422-EBAE-44ED-AA44-722EE25F8EDC}.Release|x64.ActiveCfg = Release|Any CPU
		{00872422-EBAE-44ED-AA44-722EE25F8EDC}.Release|x64.Build.0 = Release|Any CPU
		{00872422-EBAE-44ED-AA44-722EE25F8EDC}.Release|x86.ActiveCfg = Release|Any CPU
		{00872422-EBAE-44ED-AA44-722EE25F8EDC}.Release|x86.Build.0 = Release|Any CPU
		{9478C078-0B08-492F-93A1-28CFEFA81FFC}.Debug|Any CPU.ActiveCfg = Debug|Any CPU
		{9478C078-0B08-492F-93A1-28CFEFA81FFC}.Debug|Any CPU.Build.0 = Debug|Any CPU
		{9478C078-0B08-492F-93A1-28CFEFA81FFC}.Debug|x64.ActiveCfg = Debug|Any CPU
		{9478C078-0B08-492F-93A1-28CFEFA81FFC}.Debug|x64.Build.0 = Debug|Any CPU
		{9478C078-0B08-492F-93A1-28CFEFA81FFC}.Debug|x86.ActiveCfg = Debug|Any CPU
		{9478C078-0B08-492F-93A1-28CFEFA81FFC}.Debug|x86.Build.0 = Debug|Any CPU
		{9478C078-0B08-492F-93A1-28CFEFA81FFC}.Release|Any CPU.ActiveCfg = Release|Any CPU
		{9478C078-0B08-492F-93A1-28CFEFA81FFC}.Release|Any CPU.Build.0 = Release|Any CPU
		{9478C078-0B08-492F-93A1-28CFEFA81FFC}.Release|x64.ActiveCfg = Release|Any CPU
		{9478C078-0B08-492F-93A1-28CFEFA81FFC}.Release|x64.Build.0 = Release|Any CPU
		{9478C078-0B08-492F-93A1-28CFEFA81FFC}.Release|x86.ActiveCfg = Release|Any CPU
		{9478C078-0B08-492F-93A1-28CFEFA81FFC}.Release|x86.Build.0 = Release|Any CPU
		{0D0237E4-85C5-4752-8BE6-ED374E28DCF1}.Debug|Any CPU.ActiveCfg = Debug|Any CPU
		{0D0237E4-85C5-4752-8BE6-ED374E28DCF1}.Debug|Any CPU.Build.0 = Debug|Any CPU
		{0D0237E4-85C5-4752-8BE6-ED374E28DCF1}.Debug|x64.ActiveCfg = Debug|Any CPU
		{0D0237E4-85C5-4752-8BE6-ED374E28DCF1}.Debug|x64.Build.0 = Debug|Any CPU
		{0D0237E4-85C5-4752-8BE6-ED374E28DCF1}.Debug|x86.ActiveCfg = Debug|Any CPU
		{0D0237E4-85C5-4752-8BE6-ED374E28DCF1}.Debug|x86.Build.0 = Debug|Any CPU
		{0D0237E4-85C5-4752-8BE6-ED374E28DCF1}.Release|Any CPU.ActiveCfg = Release|Any CPU
		{0D0237E4-85C5-4752-8BE6-ED374E28DCF1}.Release|Any CPU.Build.0 = Release|Any CPU
		{0D0237E4-85C5-4752-8BE6-ED374E28DCF1}.Release|x64.ActiveCfg = Release|Any CPU
		{0D0237E4-85C5-4752-8BE6-ED374E28DCF1}.Release|x64.Build.0 = Release|Any CPU
		{0D0237E4-85C5-4752-8BE6-ED374E28DCF1}.Release|x86.ActiveCfg = Release|Any CPU
		{0D0237E4-85C5-4752-8BE6-ED374E28DCF1}.Release|x86.Build.0 = Release|Any CPU
		{82D9DCDA-67FA-4757-A755-865E3FD18B58}.Debug|Any CPU.ActiveCfg = Debug|Any CPU
		{82D9DCDA-67FA-4757-A755-865E3FD18B58}.Debug|Any CPU.Build.0 = Debug|Any CPU
		{82D9DCDA-67FA-4757-A755-865E3FD18B58}.Debug|x64.ActiveCfg = Debug|Any CPU
		{82D9DCDA-67FA-4757-A755-865E3FD18B58}.Debug|x64.Build.0 = Debug|Any CPU
		{82D9DCDA-67FA-4757-A755-865E3FD18B58}.Debug|x86.ActiveCfg = Debug|Any CPU
		{82D9DCDA-67FA-4757-A755-865E3FD18B58}.Debug|x86.Build.0 = Debug|Any CPU
		{82D9DCDA-67FA-4757-A755-865E3FD18B58}.Release|Any CPU.ActiveCfg = Release|Any CPU
		{82D9DCDA-67FA-4757-A755-865E3FD18B58}.Release|Any CPU.Build.0 = Release|Any CPU
		{82D9DCDA-67FA-4757-A755-865E3FD18B58}.Release|x64.ActiveCfg = Release|Any CPU
		{82D9DCDA-67FA-4757-A755-865E3FD18B58}.Release|x64.Build.0 = Release|Any CPU
		{82D9DCDA-67FA-4757-A755-865E3FD18B58}.Release|x86.ActiveCfg = Release|Any CPU
		{82D9DCDA-67FA-4757-A755-865E3FD18B58}.Release|x86.Build.0 = Release|Any CPU
		{2882D512-7509-4F5F-B8B4-72B3F07AE98A}.Debug|Any CPU.ActiveCfg = Debug|Any CPU
		{2882D512-7509-4F5F-B8B4-72B3F07AE98A}.Debug|Any CPU.Build.0 = Debug|Any CPU
		{2882D512-7509-4F5F-B8B4-72B3F07AE98A}.Debug|x64.ActiveCfg = Debug|Any CPU
		{2882D512-7509-4F5F-B8B4-72B3F07AE98A}.Debug|x64.Build.0 = Debug|Any CPU
		{2882D512-7509-4F5F-B8B4-72B3F07AE98A}.Debug|x86.ActiveCfg = Debug|Any CPU
		{2882D512-7509-4F5F-B8B4-72B3F07AE98A}.Debug|x86.Build.0 = Debug|Any CPU
		{2882D512-7509-4F5F-B8B4-72B3F07AE98A}.Release|Any CPU.ActiveCfg = Release|Any CPU
		{2882D512-7509-4F5F-B8B4-72B3F07AE98A}.Release|Any CPU.Build.0 = Release|Any CPU
		{2882D512-7509-4F5F-B8B4-72B3F07AE98A}.Release|x64.ActiveCfg = Release|Any CPU
		{2882D512-7509-4F5F-B8B4-72B3F07AE98A}.Release|x64.Build.0 = Release|Any CPU
		{2882D512-7509-4F5F-B8B4-72B3F07AE98A}.Release|x86.ActiveCfg = Release|Any CPU
		{2882D512-7509-4F5F-B8B4-72B3F07AE98A}.Release|x86.Build.0 = Release|Any CPU
		{DB74EB22-9329-4725-8832-47B81BDF249F}.Debug|Any CPU.ActiveCfg = Debug|Any CPU
		{DB74EB22-9329-4725-8832-47B81BDF249F}.Debug|Any CPU.Build.0 = Debug|Any CPU
		{DB74EB22-9329-4725-8832-47B81BDF249F}.Debug|x64.ActiveCfg = Debug|Any CPU
		{DB74EB22-9329-4725-8832-47B81BDF249F}.Debug|x64.Build.0 = Debug|Any CPU
		{DB74EB22-9329-4725-8832-47B81BDF249F}.Debug|x86.ActiveCfg = Debug|Any CPU
		{DB74EB22-9329-4725-8832-47B81BDF249F}.Debug|x86.Build.0 = Debug|Any CPU
		{DB74EB22-9329-4725-8832-47B81BDF249F}.Release|Any CPU.ActiveCfg = Release|Any CPU
		{DB74EB22-9329-4725-8832-47B81BDF249F}.Release|Any CPU.Build.0 = Release|Any CPU
		{DB74EB22-9329-4725-8832-47B81BDF249F}.Release|x64.ActiveCfg = Release|Any CPU
		{DB74EB22-9329-4725-8832-47B81BDF249F}.Release|x64.Build.0 = Release|Any CPU
		{DB74EB22-9329-4725-8832-47B81BDF249F}.Release|x86.ActiveCfg = Release|Any CPU
		{DB74EB22-9329-4725-8832-47B81BDF249F}.Release|x86.Build.0 = Release|Any CPU
		{8AC02674-E3D9-4122-80DA-745CFD5A54A7}.Debug|Any CPU.ActiveCfg = Debug|Any CPU
		{8AC02674-E3D9-4122-80DA-745CFD5A54A7}.Debug|Any CPU.Build.0 = Debug|Any CPU
		{8AC02674-E3D9-4122-80DA-745CFD5A54A7}.Debug|x64.ActiveCfg = Debug|Any CPU
		{8AC02674-E3D9-4122-80DA-745CFD5A54A7}.Debug|x64.Build.0 = Debug|Any CPU
		{8AC02674-E3D9-4122-80DA-745CFD5A54A7}.Debug|x86.ActiveCfg = Debug|Any CPU
		{8AC02674-E3D9-4122-80DA-745CFD5A54A7}.Debug|x86.Build.0 = Debug|Any CPU
		{8AC02674-E3D9-4122-80DA-745CFD5A54A7}.Release|Any CPU.ActiveCfg = Release|Any CPU
		{8AC02674-E3D9-4122-80DA-745CFD5A54A7}.Release|Any CPU.Build.0 = Release|Any CPU
		{8AC02674-E3D9-4122-80DA-745CFD5A54A7}.Release|x64.ActiveCfg = Release|Any CPU
		{8AC02674-E3D9-4122-80DA-745CFD5A54A7}.Release|x64.Build.0 = Release|Any CPU
		{8AC02674-E3D9-4122-80DA-745CFD5A54A7}.Release|x86.ActiveCfg = Release|Any CPU
		{8AC02674-E3D9-4122-80DA-745CFD5A54A7}.Release|x86.Build.0 = Release|Any CPU
		{80DE5511-16D3-4424-B80A-0DC9BC72EA18}.Debug|Any CPU.ActiveCfg = Debug|Any CPU
		{80DE5511-16D3-4424-B80A-0DC9BC72EA18}.Debug|Any CPU.Build.0 = Debug|Any CPU
		{80DE5511-16D3-4424-B80A-0DC9BC72EA18}.Debug|x64.ActiveCfg = Debug|Any CPU
		{80DE5511-16D3-4424-B80A-0DC9BC72EA18}.Debug|x64.Build.0 = Debug|Any CPU
		{80DE5511-16D3-4424-B80A-0DC9BC72EA18}.Debug|x86.ActiveCfg = Debug|Any CPU
		{80DE5511-16D3-4424-B80A-0DC9BC72EA18}.Debug|x86.Build.0 = Debug|Any CPU
		{80DE5511-16D3-4424-B80A-0DC9BC72EA18}.Release|Any CPU.ActiveCfg = Release|Any CPU
		{80DE5511-16D3-4424-B80A-0DC9BC72EA18}.Release|Any CPU.Build.0 = Release|Any CPU
		{80DE5511-16D3-4424-B80A-0DC9BC72EA18}.Release|x64.ActiveCfg = Release|Any CPU
		{80DE5511-16D3-4424-B80A-0DC9BC72EA18}.Release|x64.Build.0 = Release|Any CPU
		{80DE5511-16D3-4424-B80A-0DC9BC72EA18}.Release|x86.ActiveCfg = Release|Any CPU
		{80DE5511-16D3-4424-B80A-0DC9BC72EA18}.Release|x86.Build.0 = Release|Any CPU
		{8D4146B0-C1B3-4C95-94C0-57F0181B153D}.Debug|Any CPU.ActiveCfg = Debug|Any CPU
		{8D4146B0-C1B3-4C95-94C0-57F0181B153D}.Debug|Any CPU.Build.0 = Debug|Any CPU
		{8D4146B0-C1B3-4C95-94C0-57F0181B153D}.Debug|x64.ActiveCfg = Debug|Any CPU
		{8D4146B0-C1B3-4C95-94C0-57F0181B153D}.Debug|x64.Build.0 = Debug|Any CPU
		{8D4146B0-C1B3-4C95-94C0-57F0181B153D}.Debug|x86.ActiveCfg = Debug|Any CPU
		{8D4146B0-C1B3-4C95-94C0-57F0181B153D}.Debug|x86.Build.0 = Debug|Any CPU
		{8D4146B0-C1B3-4C95-94C0-57F0181B153D}.Release|Any CPU.ActiveCfg = Release|Any CPU
		{8D4146B0-C1B3-4C95-94C0-57F0181B153D}.Release|Any CPU.Build.0 = Release|Any CPU
		{8D4146B0-C1B3-4C95-94C0-57F0181B153D}.Release|x64.ActiveCfg = Release|Any CPU
		{8D4146B0-C1B3-4C95-94C0-57F0181B153D}.Release|x64.Build.0 = Release|Any CPU
		{8D4146B0-C1B3-4C95-94C0-57F0181B153D}.Release|x86.ActiveCfg = Release|Any CPU
		{8D4146B0-C1B3-4C95-94C0-57F0181B153D}.Release|x86.Build.0 = Release|Any CPU
		{3DF9FAF6-4FA1-466E-8833-E22A79820381}.Debug|Any CPU.ActiveCfg = Debug|Any CPU
		{3DF9FAF6-4FA1-466E-8833-E22A79820381}.Debug|Any CPU.Build.0 = Debug|Any CPU
		{3DF9FAF6-4FA1-466E-8833-E22A79820381}.Debug|x64.ActiveCfg = Debug|Any CPU
		{3DF9FAF6-4FA1-466E-8833-E22A79820381}.Debug|x64.Build.0 = Debug|Any CPU
		{3DF9FAF6-4FA1-466E-8833-E22A79820381}.Debug|x86.ActiveCfg = Debug|Any CPU
		{3DF9FAF6-4FA1-466E-8833-E22A79820381}.Debug|x86.Build.0 = Debug|Any CPU
		{3DF9FAF6-4FA1-466E-8833-E22A79820381}.Release|Any CPU.ActiveCfg = Release|Any CPU
		{3DF9FAF6-4FA1-466E-8833-E22A79820381}.Release|Any CPU.Build.0 = Release|Any CPU
		{3DF9FAF6-4FA1-466E-8833-E22A79820381}.Release|x64.ActiveCfg = Release|Any CPU
		{3DF9FAF6-4FA1-466E-8833-E22A79820381}.Release|x64.Build.0 = Release|Any CPU
		{3DF9FAF6-4FA1-466E-8833-E22A79820381}.Release|x86.ActiveCfg = Release|Any CPU
		{3DF9FAF6-4FA1-466E-8833-E22A79820381}.Release|x86.Build.0 = Release|Any CPU
		{F26119EA-D832-4307-95DA-ED5B45C423A2}.Debug|Any CPU.ActiveCfg = Debug|Any CPU
		{F26119EA-D832-4307-95DA-ED5B45C423A2}.Debug|Any CPU.Build.0 = Debug|Any CPU
		{F26119EA-D832-4307-95DA-ED5B45C423A2}.Debug|x64.ActiveCfg = Debug|Any CPU
		{F26119EA-D832-4307-95DA-ED5B45C423A2}.Debug|x64.Build.0 = Debug|Any CPU
		{F26119EA-D832-4307-95DA-ED5B45C423A2}.Debug|x86.ActiveCfg = Debug|Any CPU
		{F26119EA-D832-4307-95DA-ED5B45C423A2}.Debug|x86.Build.0 = Debug|Any CPU
		{F26119EA-D832-4307-95DA-ED5B45C423A2}.Release|Any CPU.ActiveCfg = Release|Any CPU
		{F26119EA-D832-4307-95DA-ED5B45C423A2}.Release|Any CPU.Build.0 = Release|Any CPU
		{F26119EA-D832-4307-95DA-ED5B45C423A2}.Release|x64.ActiveCfg = Release|Any CPU
		{F26119EA-D832-4307-95DA-ED5B45C423A2}.Release|x64.Build.0 = Release|Any CPU
		{F26119EA-D832-4307-95DA-ED5B45C423A2}.Release|x86.ActiveCfg = Release|Any CPU
		{F26119EA-D832-4307-95DA-ED5B45C423A2}.Release|x86.Build.0 = Release|Any CPU
		{16907C20-EEF3-45FF-AB9C-FE2A0079BB86}.Debug|Any CPU.ActiveCfg = Debug|Any CPU
		{16907C20-EEF3-45FF-AB9C-FE2A0079BB86}.Debug|Any CPU.Build.0 = Debug|Any CPU
		{16907C20-EEF3-45FF-AB9C-FE2A0079BB86}.Debug|x64.ActiveCfg = Debug|Any CPU
		{16907C20-EEF3-45FF-AB9C-FE2A0079BB86}.Debug|x64.Build.0 = Debug|Any CPU
		{16907C20-EEF3-45FF-AB9C-FE2A0079BB86}.Debug|x86.ActiveCfg = Debug|Any CPU
		{16907C20-EEF3-45FF-AB9C-FE2A0079BB86}.Debug|x86.Build.0 = Debug|Any CPU
		{16907C20-EEF3-45FF-AB9C-FE2A0079BB86}.Release|Any CPU.ActiveCfg = Release|Any CPU
		{16907C20-EEF3-45FF-AB9C-FE2A0079BB86}.Release|Any CPU.Build.0 = Release|Any CPU
		{16907C20-EEF3-45FF-AB9C-FE2A0079BB86}.Release|x64.ActiveCfg = Release|Any CPU
		{16907C20-EEF3-45FF-AB9C-FE2A0079BB86}.Release|x64.Build.0 = Release|Any CPU
		{16907C20-EEF3-45FF-AB9C-FE2A0079BB86}.Release|x86.ActiveCfg = Release|Any CPU
		{16907C20-EEF3-45FF-AB9C-FE2A0079BB86}.Release|x86.Build.0 = Release|Any CPU
		{1B3E41DB-0ECD-4126-8F2E-571B780686F6}.Debug|Any CPU.ActiveCfg = Debug|Any CPU
		{1B3E41DB-0ECD-4126-8F2E-571B780686F6}.Debug|Any CPU.Build.0 = Debug|Any CPU
		{1B3E41DB-0ECD-4126-8F2E-571B780686F6}.Debug|x64.ActiveCfg = Debug|Any CPU
		{1B3E41DB-0ECD-4126-8F2E-571B780686F6}.Debug|x64.Build.0 = Debug|Any CPU
		{1B3E41DB-0ECD-4126-8F2E-571B780686F6}.Debug|x86.ActiveCfg = Debug|Any CPU
		{1B3E41DB-0ECD-4126-8F2E-571B780686F6}.Debug|x86.Build.0 = Debug|Any CPU
		{1B3E41DB-0ECD-4126-8F2E-571B780686F6}.Release|Any CPU.ActiveCfg = Release|Any CPU
		{1B3E41DB-0ECD-4126-8F2E-571B780686F6}.Release|Any CPU.Build.0 = Release|Any CPU
		{1B3E41DB-0ECD-4126-8F2E-571B780686F6}.Release|x64.ActiveCfg = Release|Any CPU
		{1B3E41DB-0ECD-4126-8F2E-571B780686F6}.Release|x64.Build.0 = Release|Any CPU
		{1B3E41DB-0ECD-4126-8F2E-571B780686F6}.Release|x86.ActiveCfg = Release|Any CPU
		{1B3E41DB-0ECD-4126-8F2E-571B780686F6}.Release|x86.Build.0 = Release|Any CPU
		{5D70869B-50BE-4277-825E-509106F0C871}.Debug|Any CPU.ActiveCfg = Debug|Any CPU
		{5D70869B-50BE-4277-825E-509106F0C871}.Debug|Any CPU.Build.0 = Debug|Any CPU
		{5D70869B-50BE-4277-825E-509106F0C871}.Debug|x64.ActiveCfg = Debug|Any CPU
		{5D70869B-50BE-4277-825E-509106F0C871}.Debug|x64.Build.0 = Debug|Any CPU
		{5D70869B-50BE-4277-825E-509106F0C871}.Debug|x86.ActiveCfg = Debug|Any CPU
		{5D70869B-50BE-4277-825E-509106F0C871}.Debug|x86.Build.0 = Debug|Any CPU
		{5D70869B-50BE-4277-825E-509106F0C871}.Release|Any CPU.ActiveCfg = Release|Any CPU
		{5D70869B-50BE-4277-825E-509106F0C871}.Release|Any CPU.Build.0 = Release|Any CPU
		{5D70869B-50BE-4277-825E-509106F0C871}.Release|x64.ActiveCfg = Release|Any CPU
		{5D70869B-50BE-4277-825E-509106F0C871}.Release|x64.Build.0 = Release|Any CPU
		{5D70869B-50BE-4277-825E-509106F0C871}.Release|x86.ActiveCfg = Release|Any CPU
		{5D70869B-50BE-4277-825E-509106F0C871}.Release|x86.Build.0 = Release|Any CPU
		{667DCE18-BF90-4B9B-A132-94F17448D8E7}.Debug|Any CPU.ActiveCfg = Debug|Any CPU
		{667DCE18-BF90-4B9B-A132-94F17448D8E7}.Debug|Any CPU.Build.0 = Debug|Any CPU
		{667DCE18-BF90-4B9B-A132-94F17448D8E7}.Debug|x64.ActiveCfg = Debug|Any CPU
		{667DCE18-BF90-4B9B-A132-94F17448D8E7}.Debug|x64.Build.0 = Debug|Any CPU
		{667DCE18-BF90-4B9B-A132-94F17448D8E7}.Debug|x86.ActiveCfg = Debug|Any CPU
		{667DCE18-BF90-4B9B-A132-94F17448D8E7}.Debug|x86.Build.0 = Debug|Any CPU
		{667DCE18-BF90-4B9B-A132-94F17448D8E7}.Release|Any CPU.ActiveCfg = Release|Any CPU
		{667DCE18-BF90-4B9B-A132-94F17448D8E7}.Release|Any CPU.Build.0 = Release|Any CPU
		{667DCE18-BF90-4B9B-A132-94F17448D8E7}.Release|x64.ActiveCfg = Release|Any CPU
		{667DCE18-BF90-4B9B-A132-94F17448D8E7}.Release|x64.Build.0 = Release|Any CPU
		{667DCE18-BF90-4B9B-A132-94F17448D8E7}.Release|x86.ActiveCfg = Release|Any CPU
		{667DCE18-BF90-4B9B-A132-94F17448D8E7}.Release|x86.Build.0 = Release|Any CPU
		{EB1A142F-4CA9-4A71-BB16-B25B3C2584B6}.Debug|Any CPU.ActiveCfg = Debug|Any CPU
		{EB1A142F-4CA9-4A71-BB16-B25B3C2584B6}.Debug|Any CPU.Build.0 = Debug|Any CPU
		{EB1A142F-4CA9-4A71-BB16-B25B3C2584B6}.Debug|x64.ActiveCfg = Debug|Any CPU
		{EB1A142F-4CA9-4A71-BB16-B25B3C2584B6}.Debug|x64.Build.0 = Debug|Any CPU
		{EB1A142F-4CA9-4A71-BB16-B25B3C2584B6}.Debug|x86.ActiveCfg = Debug|Any CPU
		{EB1A142F-4CA9-4A71-BB16-B25B3C2584B6}.Debug|x86.Build.0 = Debug|Any CPU
		{EB1A142F-4CA9-4A71-BB16-B25B3C2584B6}.Release|Any CPU.ActiveCfg = Release|Any CPU
		{EB1A142F-4CA9-4A71-BB16-B25B3C2584B6}.Release|Any CPU.Build.0 = Release|Any CPU
		{EB1A142F-4CA9-4A71-BB16-B25B3C2584B6}.Release|x64.ActiveCfg = Release|Any CPU
		{EB1A142F-4CA9-4A71-BB16-B25B3C2584B6}.Release|x64.Build.0 = Release|Any CPU
		{EB1A142F-4CA9-4A71-BB16-B25B3C2584B6}.Release|x86.ActiveCfg = Release|Any CPU
		{EB1A142F-4CA9-4A71-BB16-B25B3C2584B6}.Release|x86.Build.0 = Release|Any CPU
	EndGlobalSection
	GlobalSection(SolutionProperties) = preSolution
		HideSolutionNode = FALSE
	EndGlobalSection
	GlobalSection(NestedProjects) = preSolution
		{90298CBA-BD6F-3A0A-69D5-97CAD7B05E7E} = {827E0CD3-B72D-47B6-A68D-7590B98EB39B}
		{CE770A70-0BA0-4E92-BAC4-C7657DE466FF} = {90298CBA-BD6F-3A0A-69D5-97CAD7B05E7E}
		{57C7CE13-ED45-41E5-B034-F4D741DBBD2D} = {90298CBA-BD6F-3A0A-69D5-97CAD7B05E7E}
		{EC447DCF-ABFA-6E24-52A5-D7FD48A5C558} = {827E0CD3-B72D-47B6-A68D-7590B98EB39B}
		{DA0BA8AC-146F-3151-8AAB-4B1C3358FD7A} = {EC447DCF-ABFA-6E24-52A5-D7FD48A5C558}
		{EAED12B4-41A2-471B-969E-B538E4210FC5} = {DA0BA8AC-146F-3151-8AAB-4B1C3358FD7A}
		{4430C0EF-2525-4710-AB59-01DD86B556C0} = {DA0BA8AC-146F-3151-8AAB-4B1C3358FD7A}
		{6FEA55CD-9038-3367-F52F-2FD77CF71706} = {EC447DCF-ABFA-6E24-52A5-D7FD48A5C558}
		{9FC704A2-D1B1-455E-8193-3D34E72E6EE1} = {6FEA55CD-9038-3367-F52F-2FD77CF71706}
		{4FAA6311-2B29-449D-9512-93C7FA2586BD} = {6FEA55CD-9038-3367-F52F-2FD77CF71706}
		{B1FD0A4C-27CA-0F85-17EF-CDC2BA87A739} = {EC447DCF-ABFA-6E24-52A5-D7FD48A5C558}
		{8208A14F-C74E-4FD5-9FE1-8DF230645E74} = {B1FD0A4C-27CA-0F85-17EF-CDC2BA87A739}
		{529899B0-0A08-498D-B881-69029D78A882} = {B1FD0A4C-27CA-0F85-17EF-CDC2BA87A739}
		{68365454-C904-90E3-843C-F699C8C48407} = {EC447DCF-ABFA-6E24-52A5-D7FD48A5C558}
		{C5870E11-12F7-4876-BD0C-9DEAD4123723} = {68365454-C904-90E3-843C-F699C8C48407}
		{6260CD83-C84F-44E1-8E1F-A52C946FD5F4} = {68365454-C904-90E3-843C-F699C8C48407}
		{282EE0EF-0719-FA39-321C-A995029F2B89} = {EC447DCF-ABFA-6E24-52A5-D7FD48A5C558}
		{11DD0342-A39C-4B77-B0A3-150C1EB15CDB} = {282EE0EF-0719-FA39-321C-A995029F2B89}
		{00872422-EBAE-44ED-AA44-722EE25F8EDC} = {282EE0EF-0719-FA39-321C-A995029F2B89}
		{B7504168-2F66-9EF4-E8D7-36B98062A6F8} = {EC447DCF-ABFA-6E24-52A5-D7FD48A5C558}
		{9478C078-0B08-492F-93A1-28CFEFA81FFC} = {B7504168-2F66-9EF4-E8D7-36B98062A6F8}
		{0D0237E4-85C5-4752-8BE6-ED374E28DCF1} = {B7504168-2F66-9EF4-E8D7-36B98062A6F8}
		{981C2CF6-E5BB-602A-511C-234B538302B0} = {827E0CD3-B72D-47B6-A68D-7590B98EB39B}
		{82D9DCDA-67FA-4757-A755-865E3FD18B58} = {981C2CF6-E5BB-602A-511C-234B538302B0}
		{2882D512-7509-4F5F-B8B4-72B3F07AE98A} = {282EE0EF-0719-FA39-321C-A995029F2B89}
		{DB74EB22-9329-4725-8832-47B81BDF249F} = {90298CBA-BD6F-3A0A-69D5-97CAD7B05E7E}
		{8AC02674-E3D9-4122-80DA-745CFD5A54A7} = {6FEA55CD-9038-3367-F52F-2FD77CF71706}
		{80DE5511-16D3-4424-B80A-0DC9BC72EA18} = {6FEA55CD-9038-3367-F52F-2FD77CF71706}
		{8D4146B0-C1B3-4C95-94C0-57F0181B153D} = {0AB3BF05-4346-4AA6-1389-037BE0695223}
		{4AE10D05-DD3E-F48E-F17B-B26EA748633E} = {EC447DCF-ABFA-6E24-52A5-D7FD48A5C558}
		{3DF9FAF6-4FA1-466E-8833-E22A79820381} = {4AE10D05-DD3E-F48E-F17B-B26EA748633E}
		{F26119EA-D832-4307-95DA-ED5B45C423A2} = {4AE10D05-DD3E-F48E-F17B-B26EA748633E}
		{16907C20-EEF3-45FF-AB9C-FE2A0079BB86} = {4AE10D05-DD3E-F48E-F17B-B26EA748633E}
		{1B3E41DB-0ECD-4126-8F2E-571B780686F6} = {4AE10D05-DD3E-F48E-F17B-B26EA748633E}
		{5D70869B-50BE-4277-825E-509106F0C871} = {68365454-C904-90E3-843C-F699C8C48407}
		{667DCE18-BF90-4B9B-A132-94F17448D8E7} = {68365454-C904-90E3-843C-F699C8C48407}
		{EB1A142F-4CA9-4A71-BB16-B25B3C2584B6} = {DA0BA8AC-146F-3151-8AAB-4B1C3358FD7A}
	EndGlobalSection
EndGlobal
